
Microsoft Visual Studio Solution File, Format Version 12.00
# Visual Studio Version 17
VisualStudioVersion = 17.11.35208.52
MinimumVisualStudioVersion = 10.0.40219.1
Project("{F184B08F-C81C-45F6-A57F-5ABD9991F28F}") = "ngjeon0822_DataTable", "ngjeon0822_DataTable\ngjeon0822_DataTable.vbproj", "{19863DB9-E0ED-4621-B413-E4A32F36B131}"
EndProject
Global
	GlobalSection(SolutionConfigurationPlatforms) = preSolution
		Debug|Any CPU = Debug|Any CPU
		Release|Any CPU = Release|Any CPU
	EndGlobalSection
	GlobalSection(ProjectConfigurationPlatforms) = postSolution
		{19863DB9-E0ED-4621-B413-E4A32F36B131}.Debug|Any CPU.ActiveCfg = Debug|Any CPU
		{19863DB9-E0ED-4621-B413-E4A32F36B131}.Debug|Any CPU.Build.0 = Debug|Any CPU
		{19863DB9-E0ED-4621-B413-E4A32F36B131}.Release|Any CPU.ActiveCfg = Release|Any CPU
		{19863DB9-E0ED-4621-B413-E4A32F36B131}.Release|Any CPU.Build.0 = Release|Any CPU
	EndGlobalSection
	GlobalSection(SolutionProperties) = preSolution
		HideSolutionNode = FALSE
	EndGlobalSection
	GlobalSection(ExtensibilityGlobals) = postSolution
		SolutionGuid = {CFA56CA4-DD0D-4E6F-9ABB-7DC9659D1E9A}
	EndGlobalSection
EndGlobal
